// !$*UTF8*$!
{
	archiveVersion = 1;
	classes = {
	};
	objectVersion = 48;
	objects = {

/* Begin PBXBuildFile section */
		3C2F9A62E433694889AAB041 /* Pods_CTNetworking.framework in Frameworks */ = {isa = PBXBuildFile; fileRef = 76F61CB53A5EC4A4E72D8912 /* Pods_CTNetworking.framework */; };
		A0522CF520A19C4D00EF5923 /* Logger.swift in Sources */ = {isa = PBXBuildFile; fileRef = A0522CF420A19C4D00EF5923 /* Logger.swift */; };
		A0522CFA20A1A22800EF5923 /* CTURLRequest.swift in Sources */ = {isa = PBXBuildFile; fileRef = A0522CF920A1A22800EF5923 /* CTURLRequest.swift */; };
		A0522CFC20A1AC9200EF5923 /* CTServiceFactory.swift in Sources */ = {isa = PBXBuildFile; fileRef = A0522CFB20A1AC9200EF5923 /* CTServiceFactory.swift */; };
		A0522D0120A1BDA000EF5923 /* DemoService.swift in Sources */ = {isa = PBXBuildFile; fileRef = A0522D0020A1BDA000EF5923 /* DemoService.swift */; };
		A0AC752420A0A0AD00DDAF44 /* AppDelegate.swift in Sources */ = {isa = PBXBuildFile; fileRef = A0AC752320A0A0AD00DDAF44 /* AppDelegate.swift */; };
		A0AC752620A0A0AD00DDAF44 /* ViewController.swift in Sources */ = {isa = PBXBuildFile; fileRef = A0AC752520A0A0AD00DDAF44 /* ViewController.swift */; };
		A0AC752920A0A0AD00DDAF44 /* Main.storyboard in Resources */ = {isa = PBXBuildFile; fileRef = A0AC752720A0A0AD00DDAF44 /* Main.storyboard */; };
		A0AC752B20A0A0AD00DDAF44 /* Assets.xcassets in Resources */ = {isa = PBXBuildFile; fileRef = A0AC752A20A0A0AD00DDAF44 /* Assets.xcassets */; };
		A0AC752E20A0A0AD00DDAF44 /* LaunchScreen.storyboard in Resources */ = {isa = PBXBuildFile; fileRef = A0AC752C20A0A0AD00DDAF44 /* LaunchScreen.storyboard */; };
		A0AC753A20A0ACD100DDAF44 /* CTURLResponse.swift in Sources */ = {isa = PBXBuildFile; fileRef = A0AC753920A0ACD100DDAF44 /* CTURLResponse.swift */; };
		A0AC753C20A145B100DDAF44 /* CTCacheCenter.swift in Sources */ = {isa = PBXBuildFile; fileRef = A0AC753B20A145B100DDAF44 /* CTCacheCenter.swift */; };
		A0AC754020A1463E00DDAF44 /* CTDiskCacheCenter.swift in Sources */ = {isa = PBXBuildFile; fileRef = A0AC753F20A1463E00DDAF44 /* CTDiskCacheCenter.swift */; };
		A0AC754220A1465B00DDAF44 /* CTMemoryCacheDataCenter.swift in Sources */ = {isa = PBXBuildFile; fileRef = A0AC754120A1465B00DDAF44 /* CTMemoryCacheDataCenter.swift */; };
		A0AC754520A15CB700DDAF44 /* CTMemoryCacheRecord.swift in Sources */ = {isa = PBXBuildFile; fileRef = A0AC754420A15CB700DDAF44 /* CTMemoryCacheRecord.swift */; };
		A0AC754720A16BCF00DDAF44 /* CTNetworkingDefines.swift in Sources */ = {isa = PBXBuildFile; fileRef = A0AC754620A16BCF00DDAF44 /* CTNetworkingDefines.swift */; };
		A0AC754A20A16C4C00DDAF44 /* CTServiceProtocol.swift in Sources */ = {isa = PBXBuildFile; fileRef = A0AC754920A16C4C00DDAF44 /* CTServiceProtocol.swift */; };
		A0AC754D20A18BA700DDAF44 /* Dictionary+NetworkingMethods.swift in Sources */ = {isa = PBXBuildFile; fileRef = A0AC754C20A18BA700DDAF44 /* Dictionary+NetworkingMethods.swift */; };
		A0E7E1AD20A2E22A00DCD250 /* String+MD5.swift in Sources */ = {isa = PBXBuildFile; fileRef = A0E7E1AC20A2E22A00DCD250 /* String+MD5.swift */; };
		A0E7E1B520A2ECCB00DCD250 /* AFNetworking.framework in Frameworks */ = {isa = PBXBuildFile; fileRef = A0E7E1B420A2ECCB00DCD250 /* AFNetworking.framework */; };
		A0E7E1B820A2F1BB00DCD250 /* CTAPIBaseManager.swift in Sources */ = {isa = PBXBuildFile; fileRef = A0E7E1B720A2F1BB00DCD250 /* CTAPIBaseManager.swift */; };
		A0E7E1BB20A2FC4000DCD250 /* CTApiProxy.swift in Sources */ = {isa = PBXBuildFile; fileRef = A0E7E1BA20A2FC4000DCD250 /* CTApiProxy.swift */; };
/* End PBXBuildFile section */

/* Begin PBXFileReference section */
		76F61CB53A5EC4A4E72D8912 /* Pods_CTNetworking.framework */ = {isa = PBXFileReference; explicitFileType = wrapper.framework; includeInIndex = 0; path = Pods_CTNetworking.framework; sourceTree = BUILT_PRODUCTS_DIR; };
		A0522CF420A19C4D00EF5923 /* Logger.swift */ = {isa = PBXFileReference; lastKnownFileType = sourcecode.swift; path = Logger.swift; sourceTree = "<group>"; };
		A0522CF920A1A22800EF5923 /* CTURLRequest.swift */ = {isa = PBXFileReference; lastKnownFileType = sourcecode.swift; path = CTURLRequest.swift; sourceTree = "<group>"; };
		A0522CFB20A1AC9200EF5923 /* CTServiceFactory.swift */ = {isa = PBXFileReference; lastKnownFileType = sourcecode.swift; path = CTServiceFactory.swift; sourceTree = "<group>"; };
		A0522D0020A1BDA000EF5923 /* DemoService.swift */ = {isa = PBXFileReference; lastKnownFileType = sourcecode.swift; path = DemoService.swift; sourceTree = "<group>"; };
		A0AC752020A0A0AD00DDAF44 /* CTNetworking.app */ = {isa = PBXFileReference; explicitFileType = wrapper.application; includeInIndex = 0; path = CTNetworking.app; sourceTree = BUILT_PRODUCTS_DIR; };
		A0AC752320A0A0AD00DDAF44 /* AppDelegate.swift */ = {isa = PBXFileReference; lastKnownFileType = sourcecode.swift; path = AppDelegate.swift; sourceTree = "<group>"; };
		A0AC752520A0A0AD00DDAF44 /* ViewController.swift */ = {isa = PBXFileReference; lastKnownFileType = sourcecode.swift; path = ViewController.swift; sourceTree = "<group>"; };
		A0AC752820A0A0AD00DDAF44 /* Base */ = {isa = PBXFileReference; lastKnownFileType = file.storyboard; name = Base; path = Base.lproj/Main.storyboard; sourceTree = "<group>"; };
		A0AC752A20A0A0AD00DDAF44 /* Assets.xcassets */ = {isa = PBXFileReference; lastKnownFileType = folder.assetcatalog; path = Assets.xcassets; sourceTree = "<group>"; };
		A0AC752D20A0A0AD00DDAF44 /* Base */ = {isa = PBXFileReference; lastKnownFileType = file.storyboard; name = Base; path = Base.lproj/LaunchScreen.storyboard; sourceTree = "<group>"; };
		A0AC752F20A0A0AD00DDAF44 /* Info.plist */ = {isa = PBXFileReference; lastKnownFileType = text.plist.xml; path = Info.plist; sourceTree = "<group>"; };
		A0AC753920A0ACD100DDAF44 /* CTURLResponse.swift */ = {isa = PBXFileReference; lastKnownFileType = sourcecode.swift; path = CTURLResponse.swift; sourceTree = "<group>"; };
		A0AC753B20A145B100DDAF44 /* CTCacheCenter.swift */ = {isa = PBXFileReference; lastKnownFileType = sourcecode.swift; path = CTCacheCenter.swift; sourceTree = "<group>"; };
		A0AC753F20A1463E00DDAF44 /* CTDiskCacheCenter.swift */ = {isa = PBXFileReference; lastKnownFileType = sourcecode.swift; path = CTDiskCacheCenter.swift; sourceTree = "<group>"; };
		A0AC754120A1465B00DDAF44 /* CTMemoryCacheDataCenter.swift */ = {isa = PBXFileReference; lastKnownFileType = sourcecode.swift; path = CTMemoryCacheDataCenter.swift; sourceTree = "<group>"; };
		A0AC754420A15CB700DDAF44 /* CTMemoryCacheRecord.swift */ = {isa = PBXFileReference; lastKnownFileType = sourcecode.swift; path = CTMemoryCacheRecord.swift; sourceTree = "<group>"; };
		A0AC754620A16BCF00DDAF44 /* CTNetworkingDefines.swift */ = {isa = PBXFileReference; lastKnownFileType = sourcecode.swift; path = CTNetworkingDefines.swift; sourceTree = "<group>"; };
		A0AC754920A16C4C00DDAF44 /* CTServiceProtocol.swift */ = {isa = PBXFileReference; lastKnownFileType = sourcecode.swift; path = CTServiceProtocol.swift; sourceTree = "<group>"; };
		A0AC754C20A18BA700DDAF44 /* Dictionary+NetworkingMethods.swift */ = {isa = PBXFileReference; lastKnownFileType = sourcecode.swift; path = "Dictionary+NetworkingMethods.swift"; sourceTree = "<group>"; };
		A0E7E1AC20A2E22A00DCD250 /* String+MD5.swift */ = {isa = PBXFileReference; lastKnownFileType = sourcecode.swift; path = "String+MD5.swift"; sourceTree = "<group>"; };
		A0E7E1B320A2E69F00DCD250 /* module.modulemap */ = {isa = PBXFileReference; lastKnownFileType = "sourcecode.module-map"; path = module.modulemap; sourceTree = "<group>"; };
		A0E7E1B420A2ECCB00DCD250 /* AFNetworking.framework */ = {isa = PBXFileReference; lastKnownFileType = wrapper.framework; name = AFNetworking.framework; path = BaseFrameworks/AFNetworking.framework; sourceTree = "<group>"; };
		A0E7E1B720A2F1BB00DCD250 /* CTAPIBaseManager.swift */ = {isa = PBXFileReference; lastKnownFileType = sourcecode.swift; path = CTAPIBaseManager.swift; sourceTree = "<group>"; };
		A0E7E1BA20A2FC4000DCD250 /* CTApiProxy.swift */ = {isa = PBXFileReference; lastKnownFileType = sourcecode.swift; path = CTApiProxy.swift; sourceTree = "<group>"; };
		A206AC9272AFF84ADAA63D89 /* Pods-CTNetworking.debug.xcconfig */ = {isa = PBXFileReference; includeInIndex = 1; lastKnownFileType = text.xcconfig; name = "Pods-CTNetworking.debug.xcconfig"; path = "Pods/Target Support Files/Pods-CTNetworking/Pods-CTNetworking.debug.xcconfig"; sourceTree = "<group>"; };
		E928B1F604810FFA6A2C3986 /* Pods-CTNetworking.release.xcconfig */ = {isa = PBXFileReference; includeInIndex = 1; lastKnownFileType = text.xcconfig; name = "Pods-CTNetworking.release.xcconfig"; path = "Pods/Target Support Files/Pods-CTNetworking/Pods-CTNetworking.release.xcconfig"; sourceTree = "<group>"; };
/* End PBXFileReference section */

/* Begin PBXFrameworksBuildPhase section */
		A0AC751D20A0A0AD00DDAF44 /* Frameworks */ = {
			isa = PBXFrameworksBuildPhase;
			buildActionMask = 2147483647;
			files = (
				3C2F9A62E433694889AAB041 /* Pods_CTNetworking.framework in Frameworks */,
				A0E7E1B520A2ECCB00DCD250 /* AFNetworking.framework in Frameworks */,
			);
			runOnlyForDeploymentPostprocessing = 0;
		};
/* End PBXFrameworksBuildPhase section */

/* Begin PBXGroup section */
		2C4D8F291A5A3FAD75840628 /* Frameworks */ = {
			isa = PBXGroup;
			children = (
				A0E7E1B420A2ECCB00DCD250 /* AFNetworking.framework */,
				76F61CB53A5EC4A4E72D8912 /* Pods_CTNetworking.framework */,
			);
			name = Frameworks;
			sourceTree = "<group>";
		};
		64DEB18469A13C6FB26F23F1 /* Pods */ = {
			isa = PBXGroup;
			children = (
				A206AC9272AFF84ADAA63D89 /* Pods-CTNetworking.debug.xcconfig */,
				E928B1F604810FFA6A2C3986 /* Pods-CTNetworking.release.xcconfig */,
			);
			name = Pods;
			sourceTree = "<group>";
		};
		A0522CF320A19C2C00EF5923 /* LogComponents */ = {
			isa = PBXGroup;
			children = (
				A0522CF420A19C4D00EF5923 /* Logger.swift */,
			);
			path = LogComponents;
			sourceTree = "<group>";
		};
		A0522CF820A1A20400EF5923 /* CTURLRequest */ = {
			isa = PBXGroup;
			children = (
				A0522CF920A1A22800EF5923 /* CTURLRequest.swift */,
			);
			path = CTURLRequest;
			sourceTree = "<group>";
		};
		A0522CFD20A1BD6A00EF5923 /* Demo */ = {
			isa = PBXGroup;
			children = (
				A0522CFF20A1BD8A00EF5923 /* DemoService */,
			);
			path = Demo;
			sourceTree = "<group>";
		};
		A0522CFF20A1BD8A00EF5923 /* DemoService */ = {
			isa = PBXGroup;
			children = (
				A0522D0020A1BDA000EF5923 /* DemoService.swift */,
			);
			path = DemoService;
			sourceTree = "<group>";
		};
		A0AC751720A0A0AD00DDAF44 = {
			isa = PBXGroup;
			children = (
				A0AC752220A0A0AD00DDAF44 /* CTNetworking */,
				A0AC752120A0A0AD00DDAF44 /* Products */,
				64DEB18469A13C6FB26F23F1 /* Pods */,
				2C4D8F291A5A3FAD75840628 /* Frameworks */,
			);
			sourceTree = "<group>";
		};
		A0AC752120A0A0AD00DDAF44 /* Products */ = {
			isa = PBXGroup;
			children = (
				A0AC752020A0A0AD00DDAF44 /* CTNetworking.app */,
			);
			name = Products;
			sourceTree = "<group>";
		};
		A0AC752220A0A0AD00DDAF44 /* CTNetworking */ = {
			isa = PBXGroup;
			children = (
				A0522CFD20A1BD6A00EF5923 /* Demo */,
				A0AC753520A0A9A500DDAF44 /* CTNetworking */,
				A0AC752320A0A0AD00DDAF44 /* AppDelegate.swift */,
				A0AC752520A0A0AD00DDAF44 /* ViewController.swift */,
				A0AC752720A0A0AD00DDAF44 /* Main.storyboard */,
				A0AC752A20A0A0AD00DDAF44 /* Assets.xcassets */,
				A0AC752C20A0A0AD00DDAF44 /* LaunchScreen.storyboard */,
				A0AC752F20A0A0AD00DDAF44 /* Info.plist */,
			);
			path = CTNetworking;
			sourceTree = "<group>";
		};
		A0AC753520A0A9A500DDAF44 /* CTNetworking */ = {
			isa = PBXGroup;
			children = (
				A0E7E1B220A2E66600DCD250 /* CommonCrypto */,
				A0AC754B20A18B6500DDAF44 /* Categories */,
				A0AC754820A16C3300DDAF44 /* Services */,
				A0AC753720A0AC8A00DDAF44 /* Components */,
				A0AC753620A0A9DE00DDAF44 /* CacheComponents */,
				A0AC754620A16BCF00DDAF44 /* CTNetworkingDefines.swift */,
			);
			path = CTNetworking;
			sourceTree = "<group>";
		};
		A0AC753620A0A9DE00DDAF44 /* CacheComponents */ = {
			isa = PBXGroup;
			children = (
				A0AC753B20A145B100DDAF44 /* CTCacheCenter.swift */,
				A0AC753E20A1461700DDAF44 /* DiskCacheDataCenter */,
				A0AC753D20A145F200DDAF44 /* MemoryCacheDataCenter */,
			);
			path = CacheComponents;
			sourceTree = "<group>";
		};
		A0AC753720A0AC8A00DDAF44 /* Components */ = {
			isa = PBXGroup;
			children = (
				A0E7E1B920A2FC2000DCD250 /* APIProxy */,
				A0E7E1B620A2F10900DCD250 /* BaseAPIManager */,
				A0522CF820A1A20400EF5923 /* CTURLRequest */,
				A0522CF320A19C2C00EF5923 /* LogComponents */,
				A0AC753820A0AC9D00DDAF44 /* CTURLResponse */,
			);
			path = Components;
			sourceTree = "<group>";
		};
		A0AC753820A0AC9D00DDAF44 /* CTURLResponse */ = {
			isa = PBXGroup;
			children = (
				A0AC753920A0ACD100DDAF44 /* CTURLResponse.swift */,
			);
			path = CTURLResponse;
			sourceTree = "<group>";
		};
		A0AC753D20A145F200DDAF44 /* MemoryCacheDataCenter */ = {
			isa = PBXGroup;
			children = (
				A0AC754320A15C8600DDAF44 /* MemoryCacheRecord */,
				A0AC754120A1465B00DDAF44 /* CTMemoryCacheDataCenter.swift */,
			);
			path = MemoryCacheDataCenter;
			sourceTree = "<group>";
		};
		A0AC753E20A1461700DDAF44 /* DiskCacheDataCenter */ = {
			isa = PBXGroup;
			children = (
				A0AC753F20A1463E00DDAF44 /* CTDiskCacheCenter.swift */,
			);
			path = DiskCacheDataCenter;
			sourceTree = "<group>";
		};
		A0AC754320A15C8600DDAF44 /* MemoryCacheRecord */ = {
			isa = PBXGroup;
			children = (
				A0AC754420A15CB700DDAF44 /* CTMemoryCacheRecord.swift */,
			);
			path = MemoryCacheRecord;
			sourceTree = "<group>";
		};
		A0AC754820A16C3300DDAF44 /* Services */ = {
			isa = PBXGroup;
			children = (
				A0AC754920A16C4C00DDAF44 /* CTServiceProtocol.swift */,
				A0522CFB20A1AC9200EF5923 /* CTServiceFactory.swift */,
			);
			path = Services;
			sourceTree = "<group>";
		};
		A0AC754B20A18B6500DDAF44 /* Categories */ = {
			isa = PBXGroup;
			children = (
				A0AC754C20A18BA700DDAF44 /* Dictionary+NetworkingMethods.swift */,
				A0E7E1AC20A2E22A00DCD250 /* String+MD5.swift */,
			);
			path = Categories;
			sourceTree = "<group>";
		};
		A0E7E1B220A2E66600DCD250 /* CommonCrypto */ = {
			isa = PBXGroup;
			children = (
				A0E7E1B320A2E69F00DCD250 /* module.modulemap */,
			);
			path = CommonCrypto;
			sourceTree = "<group>";
		};
		A0E7E1B620A2F10900DCD250 /* BaseAPIManager */ = {
			isa = PBXGroup;
			children = (
				A0E7E1B720A2F1BB00DCD250 /* CTAPIBaseManager.swift */,
			);
			path = BaseAPIManager;
			sourceTree = "<group>";
		};
		A0E7E1B920A2FC2000DCD250 /* APIProxy */ = {
			isa = PBXGroup;
			children = (
				A0E7E1BA20A2FC4000DCD250 /* CTApiProxy.swift */,
			);
			path = APIProxy;
			sourceTree = "<group>";
		};
/* End PBXGroup section */

/* Begin PBXNativeTarget section */
		A0AC751F20A0A0AD00DDAF44 /* CTNetworking */ = {
			isa = PBXNativeTarget;
			buildConfigurationList = A0AC753220A0A0AD00DDAF44 /* Build configuration list for PBXNativeTarget "CTNetworking" */;
			buildPhases = (
				B07570A538449BC9E87AF6C1 /* [CP] Check Pods Manifest.lock */,
				A0AC751C20A0A0AD00DDAF44 /* Sources */,
				A0AC751D20A0A0AD00DDAF44 /* Frameworks */,
				A0AC751E20A0A0AD00DDAF44 /* Resources */,
				4E1BBDE0FAB150FFE5B826C7 /* [CP] Embed Pods Frameworks */,
				0B1B42D9BD4C634E6D91D24B /* [CP] Copy Pods Resources */,
			);
			buildRules = (
			);
			dependencies = (
			);
			name = CTNetworking;
			productName = CTNetworking;
			productReference = A0AC752020A0A0AD00DDAF44 /* CTNetworking.app */;
			productType = "com.apple.product-type.application";
		};
/* End PBXNativeTarget section */

/* Begin PBXProject section */
		A0AC751820A0A0AD00DDAF44 /* Project object */ = {
			isa = PBXProject;
			attributes = {
				LastSwiftUpdateCheck = 0900;
				LastUpgradeCheck = 0900;
				ORGANIZATIONNAME = "王杰";
				TargetAttributes = {
					A0AC751F20A0A0AD00DDAF44 = {
						CreatedOnToolsVersion = 9.0.1;
						ProvisioningStyle = Automatic;
					};
				};
			};
			buildConfigurationList = A0AC751B20A0A0AD00DDAF44 /* Build configuration list for PBXProject "CTNetworking" */;
			compatibilityVersion = "Xcode 8.0";
			developmentRegion = en;
			hasScannedForEncodings = 0;
			knownRegions = (
				en,
				Base,
			);
			mainGroup = A0AC751720A0A0AD00DDAF44;
			productRefGroup = A0AC752120A0A0AD00DDAF44 /* Products */;
			projectDirPath = "";
			projectRoot = "";
			targets = (
				A0AC751F20A0A0AD00DDAF44 /* CTNetworking */,
			);
		};
/* End PBXProject section */

/* Begin PBXResourcesBuildPhase section */
		A0AC751E20A0A0AD00DDAF44 /* Resources */ = {
			isa = PBXResourcesBuildPhase;
			buildActionMask = 2147483647;
			files = (
				A0AC752E20A0A0AD00DDAF44 /* LaunchScreen.storyboard in Resources */,
				A0AC752B20A0A0AD00DDAF44 /* Assets.xcassets in Resources */,
				A0AC752920A0A0AD00DDAF44 /* Main.storyboard in Resources */,
			);
			runOnlyForDeploymentPostprocessing = 0;
		};
/* End PBXResourcesBuildPhase section */

/* Begin PBXShellScriptBuildPhase section */
		0B1B42D9BD4C634E6D91D24B /* [CP] Copy Pods Resources */ = {
			isa = PBXShellScriptBuildPhase;
			buildActionMask = 2147483647;
			files = (
			);
			inputPaths = (
			);
			name = "[CP] Copy Pods Resources";
			outputPaths = (
			);
			runOnlyForDeploymentPostprocessing = 0;
			shellPath = /bin/sh;
			shellScript = "\"${SRCROOT}/Pods/Target Support Files/Pods-CTNetworking/Pods-CTNetworking-resources.sh\"\n";
			showEnvVarsInLog = 0;
		};
		4E1BBDE0FAB150FFE5B826C7 /* [CP] Embed Pods Frameworks */ = {
			isa = PBXShellScriptBuildPhase;
			buildActionMask = 2147483647;
			files = (
			);
			inputPaths = (
				"${SRCROOT}/Pods/Target Support Files/Pods-CTNetworking/Pods-CTNetworking-frameworks.sh",
				"${BUILT_PRODUCTS_DIR}/AFNetworking/AFNetworking.framework",
			);
			name = "[CP] Embed Pods Frameworks";
			outputPaths = (
				"${TARGET_BUILD_DIR}/${FRAMEWORKS_FOLDER_PATH}/AFNetworking.framework",
			);
			runOnlyForDeploymentPostprocessing = 0;
			shellPath = /bin/sh;
			shellScript = "\"${SRCROOT}/Pods/Target Support Files/Pods-CTNetworking/Pods-CTNetworking-frameworks.sh\"\n";
			showEnvVarsInLog = 0;
		};
		B07570A538449BC9E87AF6C1 /* [CP] Check Pods Manifest.lock */ = {
			isa = PBXShellScriptBuildPhase;
			buildActionMask = 2147483647;
			files = (
			);
			inputPaths = (
				"${PODS_PODFILE_DIR_PATH}/Podfile.lock",
				"${PODS_ROOT}/Manifest.lock",
			);
			name = "[CP] Check Pods Manifest.lock";
			outputPaths = (
				"$(DERIVED_FILE_DIR)/Pods-CTNetworking-checkManifestLockResult.txt",
			);
			runOnlyForDeploymentPostprocessing = 0;
			shellPath = /bin/sh;
			shellScript = "diff \"${PODS_PODFILE_DIR_PATH}/Podfile.lock\" \"${PODS_ROOT}/Manifest.lock\" > /dev/null\nif [ $? != 0 ] ; then\n    # print error to STDERR\n    echo \"error: The sandbox is not in sync with the Podfile.lock. Run 'pod install' or update your CocoaPods installation.\" >&2\n    exit 1\nfi\n# This output is used by Xcode 'outputs' to avoid re-running this script phase.\necho \"SUCCESS\" > \"${SCRIPT_OUTPUT_FILE_0}\"\n";
			showEnvVarsInLog = 0;
		};
/* End PBXShellScriptBuildPhase section */

/* Begin PBXSourcesBuildPhase section */
		A0AC751C20A0A0AD00DDAF44 /* Sources */ = {
			isa = PBXSourcesBuildPhase;
			buildActionMask = 2147483647;
			files = (
				A0AC754D20A18BA700DDAF44 /* Dictionary+NetworkingMethods.swift in Sources */,
				A0522CF520A19C4D00EF5923 /* Logger.swift in Sources */,
				A0522CFC20A1AC9200EF5923 /* CTServiceFactory.swift in Sources */,
				A0AC754020A1463E00DDAF44 /* CTDiskCacheCenter.swift in Sources */,
				A0522D0120A1BDA000EF5923 /* DemoService.swift in Sources */,
				A0AC754720A16BCF00DDAF44 /* CTNetworkingDefines.swift in Sources */,
				A0AC754220A1465B00DDAF44 /* CTMemoryCacheDataCenter.swift in Sources */,
				A0AC753A20A0ACD100DDAF44 /* CTURLResponse.swift in Sources */,
				A0E7E1B820A2F1BB00DCD250 /* CTAPIBaseManager.swift in Sources */,
				A0E7E1BB20A2FC4000DCD250 /* CTApiProxy.swift in Sources */,
				A0AC754A20A16C4C00DDAF44 /* CTServiceProtocol.swift in Sources */,
				A0AC754520A15CB700DDAF44 /* CTMemoryCacheRecord.swift in Sources */,
				A0AC752620A0A0AD00DDAF44 /* ViewController.swift in Sources */,
				A0AC753C20A145B100DDAF44 /* CTCacheCenter.swift in Sources */,
				A0E7E1AD20A2E22A00DCD250 /* String+MD5.swift in Sources */,
				A0522CFA20A1A22800EF5923 /* CTURLRequest.swift in Sources */,
				A0AC752420A0A0AD00DDAF44 /* AppDelegate.swift in Sources */,
			);
			runOnlyForDeploymentPostprocessing = 0;
		};
/* End PBXSourcesBuildPhase section */

/* Begin PBXVariantGroup section */
		A0AC752720A0A0AD00DDAF44 /* Main.storyboard */ = {
			isa = PBXVariantGroup;
			children = (
				A0AC752820A0A0AD00DDAF44 /* Base */,
			);
			name = Main.storyboard;
			sourceTree = "<group>";
		};
		A0AC752C20A0A0AD00DDAF44 /* LaunchScreen.storyboard */ = {
			isa = PBXVariantGroup;
			children = (
				A0AC752D20A0A0AD00DDAF44 /* Base */,
			);
			name = LaunchScreen.storyboard;
			sourceTree = "<group>";
		};
/* End PBXVariantGroup section */

/* Begin XCBuildConfiguration section */
		A0AC753020A0A0AD00DDAF44 /* Debug */ = {
			isa = XCBuildConfiguration;
			buildSettings = {
				ALWAYS_SEARCH_USER_PATHS = NO;
				CLANG_ANALYZER_NONNULL = YES;
				CLANG_ANALYZER_NUMBER_OBJECT_CONVERSION = YES_AGGRESSIVE;
				CLANG_CXX_LANGUAGE_STANDARD = "gnu++14";
				CLANG_CXX_LIBRARY = "libc++";
				CLANG_ENABLE_MODULES = YES;
				CLANG_ENABLE_OBJC_ARC = YES;
				CLANG_WARN_BLOCK_CAPTURE_AUTORELEASING = YES;
				CLANG_WARN_BOOL_CONVERSION = YES;
				CLANG_WARN_COMMA = YES;
				CLANG_WARN_CONSTANT_CONVERSION = YES;
				CLANG_WARN_DIRECT_OBJC_ISA_USAGE = YES_ERROR;
				CLANG_WARN_DOCUMENTATION_COMMENTS = YES;
				CLANG_WARN_EMPTY_BODY = YES;
				CLANG_WARN_ENUM_CONVERSION = YES;
				CLANG_WARN_INFINITE_RECURSION = YES;
				CLANG_WARN_INT_CONVERSION = YES;
				CLANG_WARN_NON_LITERAL_NULL_CONVERSION = YES;
				CLANG_WARN_OBJC_LITERAL_CONVERSION = YES;
				CLANG_WARN_OBJC_ROOT_CLASS = YES_ERROR;
				CLANG_WARN_RANGE_LOOP_ANALYSIS = YES;
				CLANG_WARN_STRICT_PROTOTYPES = YES;
				CLANG_WARN_SUSPICIOUS_MOVE = YES;
				CLANG_WARN_UNGUARDED_AVAILABILITY = YES_AGGRESSIVE;
				CLANG_WARN_UNREACHABLE_CODE = YES;
				CLANG_WARN__DUPLICATE_METHOD_MATCH = YES;
				CODE_SIGN_IDENTITY = "iPhone Developer";
				COPY_PHASE_STRIP = NO;
				DEBUG_INFORMATION_FORMAT = dwarf;
				ENABLE_STRICT_OBJC_MSGSEND = YES;
				ENABLE_TESTABILITY = YES;
				GCC_C_LANGUAGE_STANDARD = gnu11;
				GCC_DYNAMIC_NO_PIC = NO;
				GCC_NO_COMMON_BLOCKS = YES;
				GCC_OPTIMIZATION_LEVEL = 0;
				GCC_PREPROCESSOR_DEFINITIONS = (
					"DEBUG=1",
					"$(inherited)",
				);
				GCC_WARN_64_TO_32_BIT_CONVERSION = YES;
				GCC_WARN_ABOUT_RETURN_TYPE = YES_ERROR;
				GCC_WARN_UNDECLARED_SELECTOR = YES;
				GCC_WARN_UNINITIALIZED_AUTOS = YES_AGGRESSIVE;
				GCC_WARN_UNUSED_FUNCTION = YES;
				GCC_WARN_UNUSED_VARIABLE = YES;
				IPHONEOS_DEPLOYMENT_TARGET = 11.0;
				MTL_ENABLE_DEBUG_INFO = YES;
				ONLY_ACTIVE_ARCH = YES;
				SDKROOT = iphoneos;
				SWIFT_ACTIVE_COMPILATION_CONDITIONS = DEBUG;
				SWIFT_OPTIMIZATION_LEVEL = "-Onone";
			};
			name = Debug;
		};
		A0AC753120A0A0AD00DDAF44 /* Release */ = {
			isa = XCBuildConfiguration;
			buildSettings = {
				ALWAYS_SEARCH_USER_PATHS = NO;
				CLANG_ANALYZER_NONNULL = YES;
				CLANG_ANALYZER_NUMBER_OBJECT_CONVERSION = YES_AGGRESSIVE;
				CLANG_CXX_LANGUAGE_STANDARD = "gnu++14";
				CLANG_CXX_LIBRARY = "libc++";
				CLANG_ENABLE_MODULES = YES;
				CLANG_ENABLE_OBJC_ARC = YES;
				CLANG_WARN_BLOCK_CAPTURE_AUTORELEASING = YES;
				CLANG_WARN_BOOL_CONVERSION = YES;
				CLANG_WARN_COMMA = YES;
				CLANG_WARN_CONSTANT_CONVERSION = YES;
				CLANG_WARN_DIRECT_OBJC_ISA_USAGE = YES_ERROR;
				CLANG_WARN_DOCUMENTATION_COMMENTS = YES;
				CLANG_WARN_EMPTY_BODY = YES;
				CLANG_WARN_ENUM_CONVERSION = YES;
				CLANG_WARN_INFINITE_RECURSION = YES;
				CLANG_WARN_INT_CONVERSION = YES;
				CLANG_WARN_NON_LITERAL_NULL_CONVERSION = YES;
				CLANG_WARN_OBJC_LITERAL_CONVERSION = YES;
				CLANG_WARN_OBJC_ROOT_CLASS = YES_ERROR;
				CLANG_WARN_RANGE_LOOP_ANALYSIS = YES;
				CLANG_WARN_STRICT_PROTOTYPES = YES;
				CLANG_WARN_SUSPICIOUS_MOVE = YES;
				CLANG_WARN_UNGUARDED_AVAILABILITY = YES_AGGRESSIVE;
				CLANG_WARN_UNREACHABLE_CODE = YES;
				CLANG_WARN__DUPLICATE_METHOD_MATCH = YES;
				CODE_SIGN_IDENTITY = "iPhone Developer";
				COPY_PHASE_STRIP = NO;
				DEBUG_INFORMATION_FORMAT = "dwarf-with-dsym";
				ENABLE_NS_ASSERTIONS = NO;
				ENABLE_STRICT_OBJC_MSGSEND = YES;
				GCC_C_LANGUAGE_STANDARD = gnu11;
				GCC_NO_COMMON_BLOCKS = YES;
				GCC_WARN_64_TO_32_BIT_CONVERSION = YES;
				GCC_WARN_ABOUT_RETURN_TYPE = YES_ERROR;
				GCC_WARN_UNDECLARED_SELECTOR = YES;
				GCC_WARN_UNINITIALIZED_AUTOS = YES_AGGRESSIVE;
				GCC_WARN_UNUSED_FUNCTION = YES;
				GCC_WARN_UNUSED_VARIABLE = YES;
				IPHONEOS_DEPLOYMENT_TARGET = 11.0;
				MTL_ENABLE_DEBUG_INFO = NO;
				SDKROOT = iphoneos;
				SWIFT_OPTIMIZATION_LEVEL = "-Owholemodule";
				VALIDATE_PRODUCT = YES;
			};
			name = Release;
		};
		A0AC753320A0A0AD00DDAF44 /* Debug */ = {
			isa = XCBuildConfiguration;
			baseConfigurationReference = A206AC9272AFF84ADAA63D89 /* Pods-CTNetworking.debug.xcconfig */;
			buildSettings = {
				ASSETCATALOG_COMPILER_APPICON_NAME = AppIcon;
				CODE_SIGN_STYLE = Automatic;
				DEVELOPMENT_TEAM = 3VNEPXNJYY;
				FRAMEWORK_SEARCH_PATHS = (
					"$(inherited)",
					"$(PROJECT_DIR)/BaseFrameworks",
				);
				INFOPLIST_FILE = CTNetworking/Info.plist;
				LD_RUNPATH_SEARCH_PATHS = "$(inherited) @executable_path/Frameworks";
				PRODUCT_BUNDLE_IDENTIFIER = com.dream.wangjie.CTNetworking;
				PRODUCT_NAME = "$(TARGET_NAME)";
				"SWIFT_INCLUDE_PATHS[arch=*]" = "$(SRCROOT)/CTNetworking/CTNetworking/CommonCrypto/**";
				SWIFT_VERSION = 4.0;
				TARGETED_DEVICE_FAMILY = "1,2";
			};
			name = Debug;
		};
		A0AC753420A0A0AD00DDAF44 /* Release */ = {
			isa = XCBuildConfiguration;
			baseConfigurationReference = E928B1F604810FFA6A2C3986 /* Pods-CTNetworking.release.xcconfig */;
			buildSettings = {
				ASSETCATALOG_COMPILER_APPICON_NAME = AppIcon;
				CODE_SIGN_STYLE = Automatic;
				DEVELOPMENT_TEAM = 3VNEPXNJYY;
				FRAMEWORK_SEARCH_PATHS = (
					"$(inherited)",
					"$(PROJECT_DIR)/BaseFrameworks",
				);
				INFOPLIST_FILE = CTNetworking/Info.plist;
				LD_RUNPATH_SEARCH_PATHS = "$(inherited) @executable_path/Frameworks";
				PRODUCT_BUNDLE_IDENTIFIER = com.dream.wangjie.CTNetworking;
				PRODUCT_NAME = "$(TARGET_NAME)";
				"SWIFT_INCLUDE_PATHS[arch=*]" = "$(SRCROOT)/CTNetworking/CTNetworking/CommonCrypto/**";
				SWIFT_VERSION = 4.0;
				TARGETED_DEVICE_FAMILY = "1,2";
			};
			name = Release;
		};
/* End XCBuildConfiguration section */

/* Begin XCConfigurationList section */
		A0AC751B20A0A0AD00DDAF44 /* Build configuration list for PBXProject "CTNetworking" */ = {
			isa = XCConfigurationList;
			buildConfigurations = (
				A0AC753020A0A0AD00DDAF44 /* Debug */,
				A0AC753120A0A0AD00DDAF44 /* Release */,
			);
			defaultConfigurationIsVisible = 0;
			defaultConfigurationName = Release;
		};
		A0AC753220A0A0AD00DDAF44 /* Build configuration list for PBXNativeTarget "CTNetworking" */ = {
			isa = XCConfigurationList;
			buildConfigurations = (
				A0AC753320A0A0AD00DDAF44 /* Debug */,
				A0AC753420A0A0AD00DDAF44 /* Release */,
			);
			defaultConfigurationIsVisible = 0;
			defaultConfigurationName = Release;
		};
/* End XCConfigurationList section */
	};
	rootObject = A0AC751820A0A0AD00DDAF44 /* Project object */;
}
